// !$*UTF8*$!
{
	archiveVersion = 1;
	classes = {
	};
	objectVersion = 56;
	objects = {

/* Begin PBXBuildFile section */
		D49737072A209CD100EE8904 /* GenremixApp.swift in Sources */ = {isa = PBXBuildFile; fileRef = D49737062A209CD100EE8904 /* GenremixApp.swift */; };
		D49737092A209CD100EE8904 /* ContentView.swift in Sources */ = {isa = PBXBuildFile; fileRef = D49737082A209CD100EE8904 /* ContentView.swift */; };
		D497370B2A209CD200EE8904 /* Assets.xcassets in Resources */ = {isa = PBXBuildFile; fileRef = D497370A2A209CD200EE8904 /* Assets.xcassets */; };
		D497370E2A209CD200EE8904 /* Preview Assets.xcassets in Resources */ = {isa = PBXBuildFile; fileRef = D497370D2A209CD200EE8904 /* Preview Assets.xcassets */; };
		D49737182A209D4D00EE8904 /* A Simple Song of love - Dance.m4a in Resources */ = {isa = PBXBuildFile; fileRef = D49737152A209D4C00EE8904 /* A Simple Song of love - Dance.m4a */; };
		D49737192A209D4D00EE8904 /* A Simple Song of love - Sleepy.m4a in Resources */ = {isa = PBXBuildFile; fileRef = D49737162A209D4C00EE8904 /* A Simple Song of love - Sleepy.m4a */; };
		D497371A2A209D4D00EE8904 /* A Simple Song of love - Standard.m4a in Resources */ = {isa = PBXBuildFile; fileRef = D49737172A209D4D00EE8904 /* A Simple Song of love - Standard.m4a */; };
/* End PBXBuildFile section */

/* Begin PBXFileReference section */
		D49737032A209CD100EE8904 /* Genremix.app */ = {isa = PBXFileReference; explicitFileType = wrapper.application; includeInIndex = 0; path = Genremix.app; sourceTree = BUILT_PRODUCTS_DIR; };
		D49737062A209CD100EE8904 /* GenremixApp.swift */ = {isa = PBXFileReference; lastKnownFileType = sourcecode.swift; path = GenremixApp.swift; sourceTree = "<group>"; };
		D49737082A209CD100EE8904 /* ContentView.swift */ = {isa = PBXFileReference; lastKnownFileType = sourcecode.swift; path = ContentView.swift; sourceTree = "<group>"; };
		D497370A2A209CD200EE8904 /* Assets.xcassets */ = {isa = PBXFileReference; lastKnownFileType = folder.assetcatalog; path = Assets.xcassets; sourceTree = "<group>"; };
		D497370D2A209CD200EE8904 /* Preview Assets.xcassets */ = {isa = PBXFileReference; lastKnownFileType = folder.assetcatalog; path = "Preview Assets.xcassets"; sourceTree = "<group>"; };
		D49737152A209D4C00EE8904 /* A Simple Song of love - Dance.m4a */ = {isa = PBXFileReference; lastKnownFileType = file; path = "A Simple Song of love - Dance.m4a"; sourceTree = "<group>"; };
		D49737162A209D4C00EE8904 /* A Simple Song of love - Sleepy.m4a */ = {isa = PBXFileReference; lastKnownFileType = file; path = "A Simple Song of love - Sleepy.m4a"; sourceTree = "<group>"; };
		D49737172A209D4D00EE8904 /* A Simple Song of love - Standard.m4a */ = {isa = PBXFileReference; lastKnownFileType = file; path = "A Simple Song of love - Standard.m4a"; sourceTree = "<group>"; };
/* End PBXFileReference section */

/* Begin PBXFrameworksBuildPhase section */
		D49737002A209CD100EE8904 /* Frameworks */ = {
			isa = PBXFrameworksBuildPhase;
			buildActionMask = 2147483647;
			files = (
			);
			runOnlyForDeploymentPostprocessing = 0;
		};
/* End PBXFrameworksBuildPhase section */

/* Begin PBXGroup section */
		D49736FA2A209CD100EE8904 = {
			isa = PBXGroup;
			children = (
				D49737052A209CD100EE8904 /* Genremix */,
				D49737042A209CD100EE8904 /* Products */,
			);
			sourceTree = "<group>";
		};
		D49737042A209CD100EE8904 /* Products */ = {
			isa = PBXGroup;
			children = (
				D49737032A209CD100EE8904 /* Genremix.app */,
			);
			name = Products;
			sourceTree = "<group>";
		};
		D49737052A209CD100EE8904 /* Genremix */ = {
			isa = PBXGroup;
			children = (
				D49737142A209CD900EE8904 /* Music */,
				D49737062A209CD100EE8904 /* GenremixApp.swift */,
				D49737082A209CD100EE8904 /* ContentView.swift */,
				D497370A2A209CD200EE8904 /* Assets.xcassets */,
				D497370C2A209CD200EE8904 /* Preview Content */,
			);
			path = Genremix;
			sourceTree = "<group>";
		};
		D497370C2A209CD200EE8904 /* Preview Content */ = {
			isa = PBXGroup;
			children = (
				D497370D2A209CD200EE8904 /* Preview Assets.xcassets */,
			);
			path = "Preview Content";
			sourceTree = "<group>";
		};
		D49737142A209CD900EE8904 /* Music */ = {
			isa = PBXGroup;
			children = (
				D49737152A209D4C00EE8904 /* A Simple Song of love - Dance.m4a */,
				D49737162A209D4C00EE8904 /* A Simple Song of love - Sleepy.m4a */,
				D49737172A209D4D00EE8904 /* A Simple Song of love - Standard.m4a */,
			);
			path = Music;
			sourceTree = "<group>";
		};
/* End PBXGroup section */

/* Begin PBXNativeTarget section */
		D49737022A209CD100EE8904 /* Genremix */ = {
			isa = PBXNativeTarget;
			buildConfigurationList = D49737112A209CD200EE8904 /* Build configuration list for PBXNativeTarget "Genremix" */;
			buildPhases = (
				D49736FF2A209CD100EE8904 /* Sources */,
				D49737002A209CD100EE8904 /* Frameworks */,
				D49737012A209CD100EE8904 /* Resources */,
			);
			buildRules = (
			);
			dependencies = (
			);
			name = Genremix;
			productName = Genremix;
			productReference = D49737032A209CD100EE8904 /* Genremix.app */;
			productType = "com.apple.product-type.application";
		};
/* End PBXNativeTarget section */

/* Begin PBXProject section */
		D49736FB2A209CD100EE8904 /* Project object */ = {
			isa = PBXProject;
			attributes = {
				BuildIndependentTargetsInParallel = 1;
				LastSwiftUpdateCheck = 1430;
				LastUpgradeCheck = 1430;
				TargetAttributes = {
					D49737022A209CD100EE8904 = {
						CreatedOnToolsVersion = 14.3;
					};
				};
			};
			buildConfigurationList = D49736FE2A209CD100EE8904 /* Build configuration list for PBXProject "Genremix" */;
			compatibilityVersion = "Xcode 14.0";
			developmentRegion = en;
			hasScannedForEncodings = 0;
			knownRegions = (
				en,
				Base,
			);
			mainGroup = D49736FA2A209CD100EE8904;
			productRefGroup = D49737042A209CD100EE8904 /* Products */;
			projectDirPath = "";
			projectRoot = "";
			targets = (
				D49737022A209CD100EE8904 /* Genremix */,
			);
		};
/* End PBXProject section */

/* Begin PBXResourcesBuildPhase section */
		D49737012A209CD100EE8904 /* Resources */ = {
			isa = PBXResourcesBuildPhase;
			buildActionMask = 2147483647;
			files = (
				D497370E2A209CD200EE8904 /* Preview Assets.xcassets in Resources */,
				D497370B2A209CD200EE8904 /* Assets.xcassets in Resources */,
				D49737192A209D4D00EE8904 /* A Simple Song of love - Sleepy.m4a in Resources */,
				D49737182A209D4D00EE8904 /* A Simple Song of love - Dance.m4a in Resources */,
				D497371A2A209D4D00EE8904 /* A Simple Song of love - Standard.m4a in Resources */,
			);
			runOnlyForDeploymentPostprocessing = 0;
		};
/* End PBXResourcesBuildPhase section */

/* Begin PBXSourcesBuildPhase section */
		D49736FF2A209CD100EE8904 /* Sources */ = {
			isa = PBXSourcesBuildPhase;
			buildActionMask = 2147483647;
			files = (
				D49737092A209CD100EE8904 /* ContentView.swift in Sources */,
				D49737072A209CD100EE8904 /* GenremixApp.swift in Sources */,
			);
			runOnlyForDeploymentPostprocessing = 0;
		};
/* End PBXSourcesBuildPhase section */

/* Begin XCBuildConfiguration section */
		D497370F2A209CD200EE8904 /* Debug */ = {
			isa = XCBuildConfiguration;
			buildSettings = {
				ALWAYS_SEARCH_USER_PATHS = NO;
				CLANG_ANALYZER_NONNULL = YES;
				CLANG_ANALYZER_NUMBER_OBJECT_CONVERSION = YES_AGGRESSIVE;
				CLANG_CXX_LANGUAGE_STANDARD = "gnu++20";
				CLANG_ENABLE_MODULES = YES;
				CLANG_ENABLE_OBJC_ARC = YES;
				CLANG_ENABLE_OBJC_WEAK = YES;
				CLANG_WARN_BLOCK_CAPTURE_AUTORELEASING = YES;
				CLANG_WARN_BOOL_CONVERSION = YES;
				CLANG_WARN_COMMA = YES;
				CLANG_WARN_CONSTANT_CONVERSION = YES;
				CLANG_WARN_DEPRECATED_OBJC_IMPLEMENTATIONS = YES;
				CLANG_WARN_DIRECT_OBJC_ISA_USAGE = YES_ERROR;
				CLANG_WARN_DOCUMENTATION_COMMENTS = YES;
				CLANG_WARN_EMPTY_BODY = YES;
				CLANG_WARN_ENUM_CONVERSION = YES;
				CLANG_WARN_INFINITE_RECURSION = YES;
				CLANG_WARN_INT_CONVERSION = YES;
				CLANG_WARN_NON_LITERAL_NULL_CONVERSION = YES;
				CLANG_WARN_OBJC_IMPLICIT_RETAIN_SELF = YES;
				CLANG_WARN_OBJC_LITERAL_CONVERSION = YES;
				CLANG_WARN_OBJC_ROOT_CLASS = YES_ERROR;
				CLANG_WARN_QUOTED_INCLUDE_IN_FRAMEWORK_HEADER = YES;
				CLANG_WARN_RANGE_LOOP_ANALYSIS = YES;
				CLANG_WARN_STRICT_PROTOTYPES = YES;
				CLANG_WARN_SUSPICIOUS_MOVE = YES;
				CLANG_WARN_UNGUARDED_AVAILABILITY = YES_AGGRESSIVE;
				CLANG_WARN_UNREACHABLE_CODE = YES;
				CLANG_WARN__DUPLICATE_METHOD_MATCH = YES;
				COPY_PHASE_STRIP = NO;
				DEBUG_INFORMATION_FORMAT = dwarf;
				ENABLE_STRICT_OBJC_MSGSEND = YES;
				ENABLE_TESTABILITY = YES;
				GCC_C_LANGUAGE_STANDARD = gnu11;
				GCC_DYNAMIC_NO_PIC = NO;
				GCC_NO_COMMON_BLOCKS = YES;
				GCC_OPTIMIZATION_LEVEL = 0;
				GCC_PREPROCESSOR_DEFINITIONS = (
					"DEBUG=1",
					"$(inherited)",
				);
				GCC_WARN_64_TO_32_BIT_CONVERSION = YES;
				GCC_WARN_ABOUT_RETURN_TYPE = YES_ERROR;
				GCC_WARN_UNDECLARED_SELECTOR = YES;
				GCC_WARN_UNINITIALIZED_AUTOS = YES_AGGRESSIVE;
				GCC_WARN_UNUSED_FUNCTION = YES;
				GCC_WARN_UNUSED_VARIABLE = YES;
				IPHONEOS_DEPLOYMENT_TARGET = 16.4;
				MTL_ENABLE_DEBUG_INFO = INCLUDE_SOURCE;
				MTL_FAST_MATH = YES;
				ONLY_ACTIVE_ARCH = YES;
				SDKROOT = iphoneos;
				SWIFT_ACTIVE_COMPILATION_CONDITIONS = DEBUG;
				SWIFT_OPTIMIZATION_LEVEL = "-Onone";
			};
			name = Debug;
		};
		D49737102A209CD200EE8904 /* Release */ = {
			isa = XCBuildConfiguration;
			buildSettings = {
				ALWAYS_SEARCH_USER_PATHS = NO;
				CLANG_ANALYZER_NONNULL = YES;
				CLANG_ANALYZER_NUMBER_OBJECT_CONVERSION = YES_AGGRESSIVE;
				CLANG_CXX_LANGUAGE_STANDARD = "gnu++20";
				CLANG_ENABLE_MODULES = YES;
				CLANG_ENABLE_OBJC_ARC = YES;
				CLANG_ENABLE_OBJC_WEAK = YES;
				CLANG_WARN_BLOCK_CAPTURE_AUTORELEASING = YES;
				CLANG_WARN_BOOL_CONVERSION = YES;
				CLANG_WARN_COMMA = YES;
				CLANG_WARN_CONSTANT_CONVERSION = YES;
				CLANG_WARN_DEPRECATED_OBJC_IMPLEMENTATIONS = YES;
				CLANG_WARN_DIRECT_OBJC_ISA_USAGE = YES_ERROR;
				CLANG_WARN_DOCUMENTATION_COMMENTS = YES;
				CLANG_WARN_EMPTY_BODY = YES;
				CLANG_WARN_ENUM_CONVERSION = YES;
				CLANG_WARN_INFINITE_RECURSION = YES;
				CLANG_WARN_INT_CONVERSION = YES;
				CLANG_WARN_NON_LITERAL_NULL_CONVERSION = YES;
				CLANG_WARN_OBJC_IMPLICIT_RETAIN_SELF = YES;
				CLANG_WARN_OBJC_LITERAL_CONVERSION = YES;
				CLANG_WARN_OBJC_ROOT_CLASS = YES_ERROR;
				CLANG_WARN_QUOTED_INCLUDE_IN_FRAMEWORK_HEADER = YES;
				CLANG_WARN_RANGE_LOOP_ANALYSIS = YES;
				CLANG_WARN_STRICT_PROTOTYPES = YES;
				CLANG_WARN_SUSPICIOUS_MOVE = YES;
				CLANG_WARN_UNGUARDED_AVAILABILITY = YES_AGGRESSIVE;
				CLANG_WARN_UNREACHABLE_CODE = YES;
				CLANG_WARN__DUPLICATE_METHOD_MATCH = YES;
				COPY_PHASE_STRIP = NO;
				DEBUG_INFORMATION_FORMAT = "dwarf-with-dsym";
				ENABLE_NS_ASSERTIONS = NO;
				ENABLE_STRICT_OBJC_MSGSEND = YES;
				GCC_C_LANGUAGE_STANDARD = gnu11;
				GCC_NO_COMMON_BLOCKS = YES;
				GCC_WARN_64_TO_32_BIT_CONVERSION = YES;
				GCC_WARN_ABOUT_RETURN_TYPE = YES_ERROR;
				GCC_WARN_UNDECLARED_SELECTOR = YES;
				GCC_WARN_UNINITIALIZED_AUTOS = YES_AGGRESSIVE;
				GCC_WARN_UNUSED_FUNCTION = YES;
				GCC_WARN_UNUSED_VARIABLE = YES;
				IPHONEOS_DEPLOYMENT_TARGET = 16.4;
				MTL_ENABLE_DEBUG_INFO = NO;
				MTL_FAST_MATH = YES;
				SDKROOT = iphoneos;
				SWIFT_COMPILATION_MODE = wholemodule;
				SWIFT_OPTIMIZATION_LEVEL = "-O";
				VALIDATE_PRODUCT = YES;
			};
			name = Release;
		};
		D49737122A209CD200EE8904 /* Debug */ = {
			isa = XCBuildConfiguration;
			buildSettings = {
				ASSETCATALOG_COMPILER_APPICON_NAME = AppIcon;
				ASSETCATALOG_COMPILER_GLOBAL_ACCENT_COLOR_NAME = AccentColor;
				CODE_SIGN_STYLE = Automatic;
				CURRENT_PROJECT_VERSION = 1;
				DEVELOPMENT_ASSET_PATHS = "\"Genremix/Preview Content\"";
				DEVELOPMENT_TEAM = DX9L72QSF2;
				ENABLE_PREVIEWS = YES;
				GENERATE_INFOPLIST_FILE = YES;
				INFOPLIST_KEY_CFBundleDisplayName = Genremix;
				INFOPLIST_KEY_UIApplicationSceneManifest_Generation = YES;
				INFOPLIST_KEY_UIApplicationSupportsIndirectInputEvents = YES;
				INFOPLIST_KEY_UILaunchScreen_Generation = YES;
				INFOPLIST_KEY_UISupportedInterfaceOrientations_iPad = "UIInterfaceOrientationPortrait UIInterfaceOrientationPortraitUpsideDown UIInterfaceOrientationLandscapeLeft UIInterfaceOrientationLandscapeRight";
				INFOPLIST_KEY_UISupportedInterfaceOrientations_iPhone = "UIInterfaceOrientationPortrait UIInterfaceOrientationLandscapeLeft UIInterfaceOrientationLandscapeRight";
				IPHONEOS_DEPLOYMENT_TARGET = 16.4;
				LD_RUNPATH_SEARCH_PATHS = (
					"$(inherited)",
					"@executable_path/Frameworks",
				);
				MARKETING_VERSION = 1.0;
				PRODUCT_BUNDLE_IDENTIFIER = ZilpWorks.Genremix;
				PRODUCT_NAME = "$(TARGET_NAME)";
				SWIFT_EMIT_LOC_STRINGS = YES;
				SWIFT_VERSION = 5.0;
				TARGETED_DEVICE_FAMILY = "1,2";
			};
			name = Debug;
		};
		D49737132A209CD200EE8904 /* Release */ = {
			isa = XCBuildConfiguration;
			buildSettings = {
				ASSETCATALOG_COMPILER_APPICON_NAME = AppIcon;
				ASSETCATALOG_COMPILER_GLOBAL_ACCENT_COLOR_NAME = AccentColor;
				CODE_SIGN_STYLE = Automatic;
				CURRENT_PROJECT_VERSION = 1;
				DEVELOPMENT_ASSET_PATHS = "\"Genremix/Preview Content\"";
				DEVELOPMENT_TEAM = DX9L72QSF2;
				ENABLE_PREVIEWS = YES;
				GENERATE_INFOPLIST_FILE = YES;
				INFOPLIST_KEY_CFBundleDisplayName = Genremix;
				INFOPLIST_KEY_UIApplicationSceneManifest_Generation = YES;
				INFOPLIST_KEY_UIApplicationSupportsIndirectInputEvents = YES;
				INFOPLIST_KEY_UILaunchScreen_Generation = YES;
				INFOPLIST_KEY_UISupportedInterfaceOrientations_iPad = "UIInterfaceOrientationPortrait UIInterfaceOrientationPortraitUpsideDown UIInterfaceOrientationLandscapeLeft UIInterfaceOrientationLandscapeRight";
				INFOPLIST_KEY_UISupportedInterfaceOrientations_iPhone = "UIInterfaceOrientationPortrait UIInterfaceOrientationLandscapeLeft UIInterfaceOrientationLandscapeRight";
				IPHONEOS_DEPLOYMENT_TARGET = 16.4;
				LD_RUNPATH_SEARCH_PATHS = (
					"$(inherited)",
					"@executable_path/Frameworks",
				);
				MARKETING_VERSION = 1.0;
				PRODUCT_BUNDLE_IDENTIFIER = ZilpWorks.Genremix;
				PRODUCT_NAME = "$(TARGET_NAME)";
				SWIFT_EMIT_LOC_STRINGS = YES;
				SWIFT_VERSION = 5.0;
				TARGETED_DEVICE_FAMILY = "1,2";
			};
			name = Release;
		};
/* End XCBuildConfiguration section */

/* Begin XCConfigurationList section */
		D49736FE2A209CD100EE8904 /* Build configuration list for PBXProject "Genremix" */ = {
			isa = XCConfigurationList;
			buildConfigurations = (
				D497370F2A209CD200EE8904 /* Debug */,
				D49737102A209CD200EE8904 /* Release */,
			);
			defaultConfigurationIsVisible = 0;
			defaultConfigurationName = Release;
		};
		D49737112A209CD200EE8904 /* Build configuration list for PBXNativeTarget "Genremix" */ = {
			isa = XCConfigurationList;
			buildConfigurations = (
				D49737122A209CD200EE8904 /* Debug */,
				D49737132A209CD200EE8904 /* Release */,
			);
			defaultConfigurationIsVisible = 0;
			defaultConfigurationName = Release;
		};
/* End XCConfigurationList section */
	};
	rootObject = D49736FB2A209CD100EE8904 /* Project object */;
}
